
Microsoft Visual Studio Solution File, Format Version 12.00
# Visual Studio Version 16
VisualStudioVersion = 16.0.32002.261
MinimumVisualStudioVersion = 10.0.40219.1
Project("{8BC9CEB8-8B4A-11D0-8D11-00A0C91BC942}") = "AStar", "AStar.vcxproj", "{340EB70E-DFC3-405D-B723-4C9BE0977380}"
EndProject
Global
	GlobalSection(SolutionConfigurationPlatforms) = preSolution
		Debug|Any CPU = Debug|Any CPU
		Debug|Win32 = Debug|Win32
		Debug|x64 = Debug|x64
		Debug|x86 = Debug|x86
		Release|Any CPU = Release|Any CPU
		Release|Win32 = Release|Win32
		Release|x64 = Release|x64
		Release|x86 = Release|x86
	EndGlobalSection
	GlobalSection(ProjectConfigurationPlatforms) = postSolution
		{340EB70E-DFC3-405D-B723-4C9BE0977380}.Debug|Any CPU.ActiveCfg = Debug|Win32
		{340EB70E-DFC3-405D-B723-4C9BE0977380}.Debug|Win32.ActiveCfg = Debug|Win32
		{340EB70E-DFC3-405D-B723-4C9BE0977380}.Debug|Win32.Build.0 = Debug|Win32
		{340EB70E-DFC3-405D-B723-4C9BE0977380}.Debug|x64.ActiveCfg = Debug|x64
		{340EB70E-DFC3-405D-B723-4C9BE0977380}.Debug|x64.Build.0 = Debug|x64
		{340EB70E-DFC3-405D-B723-4C9BE0977380}.Debug|x86.ActiveCfg = Debug|Win32
		{340EB70E-DFC3-405D-B723-4C9BE0977380}.Debug|x86.Build.0 = Debug|Win32
		{340EB70E-DFC3-405D-B723-4C9BE0977380}.Release|Any CPU.ActiveCfg = Release|Win32
		{340EB70E-DFC3-405D-B723-4C9BE0977380}.Release|Win32.ActiveCfg = Release|Win32
		{340EB70E-DFC3-405D-B723-4C9BE0977380}.Release|Win32.Build.0 = Release|Win32
		{340EB70E-DFC3-405D-B723-4C9BE0977380}.Release|x64.ActiveCfg = Release|x64
		{340EB70E-DFC3-405D-B723-4C9BE0977380}.Release|x64.Build.0 = Release|x64
		{340EB70E-DFC3-405D-B723-4C9BE0977380}.Release|x86.ActiveCfg = Release|Win32
		{340EB70E-DFC3-405D-B723-4C9BE0977380}.Release|x86.Build.0 = Release|Win32
	EndGlobalSection
	GlobalSection(SolutionProperties) = preSolution
		HideSolutionNode = FALSE
	EndGlobalSection
	GlobalSection(ExtensibilityGlobals) = postSolution
		SolutionGuid = {96CCF07E-0848-459A-A2D7-D8D8A7D567D2}
	EndGlobalSection
	GlobalSection(Performance) = preSolution
		HasPerformanceSessions = true
	EndGlobalSection
EndGlobal
