
Microsoft Visual Studio Solution File, Format Version 12.00
# Visual Studio Version 17
VisualStudioVersion = 17.2.32630.192
MinimumVisualStudioVersion = 10.0.40219.1
Project("{930C7802-8A8C-48F9-8165-68863BCCD9DD}") = "AStarInstaller", "AStarInstaller.wixproj", "{57165A50-7945-4300-BEFA-D43603A22095}"
EndProject
Global
	GlobalSection(SolutionConfigurationPlatforms) = preSolution
		Debug|x64 = Debug|x64
		Release|x64 = Release|x64
	EndGlobalSection
	GlobalSection(ProjectConfigurationPlatforms) = postSolution
		{57165A50-7945-4300-BEFA-D43603A22095}.Debug|x64.ActiveCfg = Debug|x64
		{57165A50-7945-4300-BEFA-D43603A22095}.Debug|x64.Build.0 = Debug|x64
		{57165A50-7945-4300-BEFA-D43603A22095}.Release|x64.ActiveCfg = Release|x64
		{57165A50-7945-4300-BEFA-D43603A22095}.Release|x64.Build.0 = Release|x64
	EndGlobalSection
	GlobalSection(SolutionProperties) = preSolution
		HideSolutionNode = FALSE
	EndGlobalSection
	GlobalSection(ExtensibilityGlobals) = postSolution
		SolutionGuid = {0E7749C5-DF0E-48A5-A7BE-83721E83158B}
	EndGlobalSection
EndGlobal
